<?xml version="1.0" encoding="utf-8"?>
<Project ToolsVersion="4.0" xmlns="http://schemas.microsoft.com/developer/msbuild/2003">
  <ItemGroup>
    <Filter Include="Source Files">
      <UniqueIdentifier>{4FC737F1-C7A5-4376-A066-2A32D752A2FF}</UniqueIdentifier>
      <Extensions>cpp;c;cc;cxx;def;odl;idl;hpj;bat;asm;asmx</Extensions>
    </Filter>
    <Filter Include="Header Files">
      <UniqueIdentifier>{93995380-89BD-4b04-88EB-625FBE52EBFB}</UniqueIdentifier>
      <Extensions>h;hh;hpp;hxx;hm;inl;inc;xsd</Extensions>
    </Filter>
    <Filter Include="Resource Files">
      <UniqueIdentifier>{67DA6AB6-F800-4c08-8B7A-83BB121AAD01}</UniqueIdentifier>
      <Extensions>qrc;rc;ico;cur;bmp;dlg;rc2;rct;bin;rgs;gif;jpg;jpeg;jpe;resx;tiff;tif;png;wav;mfcribbon-ms</Extensions>
    </Filter>
    <Filter Include="Form Files">
      <UniqueIdentifier>{99349809-55BA-4b9d-BF79-8FDBB0286EB3}</UniqueIdentifier>
      <Extensions>ui</Extensions>
    </Filter>
    <Filter Include="Translation Files">
      <UniqueIdentifier>{639EADAA-A684-42e4-A9AD-28FC9BCB8F7C}</UniqueIdentifier>
      <Extensions>ts</Extensions>
    </Filter>
  </ItemGroup>
  <ItemGroup>
    <QtRcc Include="QtMain\RenderrerMainWindow.qrc">
      <Filter>Resource Files</Filter>
    </QtRcc>
    <QtUic Include="QtMain\RenderrerMainWindow.ui">
      <Filter>Form Files</Filter>
    </QtUic>
    <QtMoc Include="QtMain\RendererMainWindow.h">
      <Filter>Header Files</Filter>
    </QtMoc>
    <ClCompile Include="QtMain\RendererMainWindow.cpp">
      <Filter>Source Files</Filter>
    </ClCompile>
  </ItemGroup>
  <ItemGroup>
    <ClCompile Include="main.cpp">
      <Filter>Source Files</Filter>
    </ClCompile>
  </ItemGroup>
  <ItemGroup>
    <ClInclude Include="MyMain\Scene.h">
      <Filter>Header Files</Filter>
    </ClInclude>
    <ClInclude Include="MyMain\Screen.h">
      <Filter>Header Files</Filter>
    </ClInclude>
    <ClInclude Include="Renderers\ConcreteRenderers\ShaderMeshRenderer.h">
      <Filter>Header Files</Filter>
    </ClInclude>
    <ClInclude Include="utils\MVPMat.h">
      <Filter>Header Files</Filter>
    </ClInclude>
    <ClInclude Include="utils\Vertex.h">
      <Filter>Header Files</Filter>
    </ClInclude>
    <ClInclude Include="utils\Mesh.h">
      <Filter>Header Files</Filter>
    </ClInclude>
    <ClInclude Include="MyMain\Shape.h">
      <Filter>Header Files</Filter>
    </ClInclude>
    <ClInclude Include="Shaders\Shader.h">
      <Filter>Header Files</Filter>
    </ClInclude>
    <ClInclude Include="Shaders\ConcreteShaders\OnePointSourceLitShader.h">
      <Filter>Header Files</Filter>
    </ClInclude>
    <ClInclude Include="Shaders\ConcreteShaders\LightSourceShader.h">
      <Filter>Header Files</Filter>
    </ClInclude>
    <ClInclude Include="utils\thread_pool.hpp">
      <Filter>Header Files</Filter>
    </ClInclude>
    <ClInclude Include="Shaders\ConcreteShaders\WireframeShader.h">
      <Filter>Header Files</Filter>
    </ClInclude>
    <ClInclude Include="Renderers\RendererComponent.h">
      <Filter>Header Files</Filter>
    </ClInclude>
    <ClInclude Include="Renderers\ConcreteRenderers\BezierCurveRenderer.h">
      <Filter>Header Files</Filter>
    </ClInclude>
    <ClInclude Include="Renderers\ConcreteRenderers\CoordSystemRenderer.h">
      <Filter>Header Files</Filter>
    </ClInclude>
    <ClInclude Include="utils\LineSegment.h">
      <Filter>Header Files</Filter>
    </ClInclude>
    <ClInclude Include="Scripts\Script.h">
      <Filter>Header Files</Filter>
    </ClInclude>
    <ClInclude Include="QtMy\QRenderLabel.h">
      <Filter>Header Files</Filter>
    </ClInclude>
    <ClInclude Include="Scripts\ConcreteScripts\CameraScript.h">
      <Filter>Header Files</Filter>
    </ClInclude>
    <ClInclude Include="utils\Transform.h">
      <Filter>Header Files</Filter>
    </ClInclude>
    <ClInclude Include="Shaders\ConcreteShaders\OnePointSourceLitShaderWithWireframe.h">
      <Filter>Header Files</Filter>
    </ClInclude>
    <ClInclude Include="Scripts\ConcreteScripts\PointLightSourceScript.h">
      <Filter>Header Files</Filter>
    </ClInclude>
    <ClInclude Include="Scripts\ConcreteScripts\MainShapeScript.h">
      <Filter>Header Files</Filter>
    </ClInclude>
    <ClInclude Include="Renderers\ConcreteRenderers\MeshClipShaderMeshRenderer.h">
      <Filter>Header Files</Filter>
    </ClInclude>
    <ClInclude Include="utils\TriangleSides.h">
      <Filter>Header Files</Filter>
    </ClInclude>
    <ClInclude Include="QtMy\QTransformEditor.h">
      <Filter>Header Files</Filter>
    </ClInclude>
    <ClInclude Include="utils\stb_image.h">
      <Filter>Header Files</Filter>
    </ClInclude>
  </ItemGroup>
  <ItemGroup>
    <QtUic Include="QtMy\QTransformEditor.ui">
      <Filter>Form Files</Filter>
    </QtUic>
  </ItemGroup>
</Project>